{
  "version": 4,
  "terraform_version": "0.14.3",
  "serial": 6,
  "lineage": "9c0e3a62-5e95-eb74-9fa3-ef6b851f3548",
  "outputs": {},
  "resources": [
    {
      "mode": "managed",
      "type": "oci_analytics_analytics_instance",
      "name": "analytics_instance",
      "provider": "provider[\"registry.terraform.io/hashicorp/oci\"]",
      "instances": [
        {
          "schema_version": 0,
          "attributes": {
            "capacity": [
              {
                "capacity_type": "OLPU_COUNT",
                "capacity_value": 1
              }
            ],
            "compartment_id": "ocid1.compartment.oc1..aaaaaaaa4jenlvdfqu7hd4mqs6cuxsefidtn3f4bzzdmpcmw7p6fpzss3tqq",
            "defined_tags": {
              "Oracle-Tags.CreatedBy": "oracleidentitycloudservice/kohei.saito@oracle.com",
              "Oracle-Tags.CreatedOn": "2021-01-16T08:21:47.712Z"
            },
            "description": "AnalyticsCloud For Development",
            "email_notification": null,
            "feature_set": "ENTERPRISE_ANALYTICS",
            "freeform_tags": {},
            "id": "ocid1.analyticsinstance.oc1.iad.aaaaaaaaa53ho55lkrwngsx77ulicu2mszbvtjniufslbvdh5ngxmshrb3fa",
            "idcs_access_token": null,
            "license_type": "LICENSE_INCLUDED",
            "name": "DevAnalyticsCloud",
            "network_endpoint_details": [
              {
                "network_endpoint_type": "PUBLIC",
                "subnet_id": "",
                "vcn_id": "",
                "whitelisted_ips": [
                  "126.79.194.234"
                ],
                "whitelisted_vcns": []
              }
            ],
            "service_url": "https://devanalyticscloud-id3qvidsvmof-ia.analytics.ocp.oraclecloud.com/ui/",
            "state": "ACTIVE",
            "time_created": "2021-01-16 08:21:50.525 +0000 UTC",
            "time_updated": "2021-01-16 08:35:28.564 +0000 UTC",
            "timeouts": {
              "create": null,
              "delete": null,
              "update": null
            }
          },
          "sensitive_attributes": [],
          "private": "eyJlMmJmYjczMC1lY2FhLTExZTYtOGY4OC0zNDM2M2JjN2M0YzAiOnsiY3JlYXRlIjozNjAwMDAwMDAwMDAwLCJkZWxldGUiOjM2MDAwMDAwMDAwMDAsInVwZGF0ZSI6MzYwMDAwMDAwMDAwMH0sInNjaGVtYV92ZXJzaW9uIjoiMCJ9"
        }
      ]
    },
    {
      "mode": "managed",
      "type": "oci_core_internet_gateway",
      "name": "internet_gateway",
      "provider": "provider[\"registry.terraform.io/hashicorp/oci\"]",
      "instances": [
        {
          "schema_version": 0,
          "attributes": {
            "compartment_id": "ocid1.compartment.oc1..aaaaaaaa4jenlvdfqu7hd4mqs6cuxsefidtn3f4bzzdmpcmw7p6fpzss3tqq",
            "defined_tags": {
              "Oracle-Tags.CreatedBy": "oracleidentitycloudservice/kohei.saito@oracle.com",
              "Oracle-Tags.CreatedOn": "2021-01-16T08:11:55.169Z"
            },
            "display_name": "kohsaitoIGW",
            "enabled": true,
            "freeform_tags": {},
            "id": "ocid1.internetgateway.oc1.iad.aaaaaaaa7hy7pxj2npmn2hs5hqs45gluly75eepogsl3rpiezihz3ht363wa",
            "state": "AVAILABLE",
            "time_created": "2021-01-16 08:11:55.211 +0000 UTC",
            "timeouts": null,
            "vcn_id": "ocid1.vcn.oc1.iad.amaaaaaakloqqhiakjnk2z5kndfm43tfst6tmx4pl3dtnayvisq5oscm2eua"
          },
          "sensitive_attributes": [],
          "private": "eyJlMmJmYjczMC1lY2FhLTExZTYtOGY4OC0zNDM2M2JjN2M0YzAiOnsiY3JlYXRlIjoxMjAwMDAwMDAwMDAwLCJkZWxldGUiOjEyMDAwMDAwMDAwMDAsInVwZGF0ZSI6MTIwMDAwMDAwMDAwMH19",
          "dependencies": [
            "oci_core_vcn.vcn"
          ]
        }
      ]
    },
    {
      "mode": "managed",
      "type": "oci_core_nat_gateway",
      "name": "nat_gateway",
      "provider": "provider[\"registry.terraform.io/hashicorp/oci\"]",
      "instances": [
        {
          "schema_version": 0,
          "attributes": {
            "block_traffic": false,
            "compartment_id": "ocid1.compartment.oc1..aaaaaaaa4jenlvdfqu7hd4mqs6cuxsefidtn3f4bzzdmpcmw7p6fpzss3tqq",
            "defined_tags": {
              "Oracle-Tags.CreatedBy": "oracleidentitycloudservice/kohei.saito@oracle.com",
              "Oracle-Tags.CreatedOn": "2021-01-16T08:14:54.087Z"
            },
            "display_name": "kohsaitoNGW",
            "freeform_tags": {},
            "id": "ocid1.natgateway.oc1.iad.aaaaaaaa3errenylof66hnwzqkwb3bnhvf26frm5hyp7ja6boqo7usacseja",
            "nat_ip": "193.122.192.129",
            "public_ip_id": "ocid1.publicip.oc1.iad.aaaaaaaaoynaz7arwgznyubhqm5etcd6no6dddtufjfi5p3bmnnmpimg4hwq",
            "state": "AVAILABLE",
            "time_created": "2021-01-16 08:14:54.43 +0000 UTC",
            "timeouts": null,
            "vcn_id": "ocid1.vcn.oc1.iad.amaaaaaakloqqhiakjnk2z5kndfm43tfst6tmx4pl3dtnayvisq5oscm2eua"
          },
          "sensitive_attributes": [],
          "private": "eyJlMmJmYjczMC1lY2FhLTExZTYtOGY4OC0zNDM2M2JjN2M0YzAiOnsiY3JlYXRlIjoxMjAwMDAwMDAwMDAwLCJkZWxldGUiOjEyMDAwMDAwMDAwMDAsInVwZGF0ZSI6MTIwMDAwMDAwMDAwMH19",
          "dependencies": [
            "oci_core_vcn.vcn"
          ]
        }
      ]
    },
    {
      "mode": "managed",
      "type": "oci_core_vcn",
      "name": "vcn",
      "provider": "provider[\"registry.terraform.io/hashicorp/oci\"]",
      "instances": [
        {
          "schema_version": 0,
          "attributes": {
            "cidr_block": "10.0.0.0/24",
            "cidr_blocks": [
              "10.0.0.0/24"
            ],
            "compartment_id": "ocid1.compartment.oc1..aaaaaaaa4jenlvdfqu7hd4mqs6cuxsefidtn3f4bzzdmpcmw7p6fpzss3tqq",
            "default_dhcp_options_id": "ocid1.dhcpoptions.oc1.iad.aaaaaaaaajruytsskzrshajzcvw5ouhqjatmba2jwgtcloebfsyp7fqsl7zq",
            "default_route_table_id": "ocid1.routetable.oc1.iad.aaaaaaaachkzgxi4edxuzinhcs2ufvbiahx2h7iyuaveejkf3k2gbt7xnthq",
            "default_security_list_id": "ocid1.securitylist.oc1.iad.aaaaaaaaw7sgpuxmdlrhjwqlzoh7kuonfjxiqzidawu2ct7xrtnpk6zvvleq",
            "defined_tags": {
              "Oracle-Tags.CreatedBy": "oracleidentitycloudservice/kohei.saito@oracle.com",
              "Oracle-Tags.CreatedOn": "2021-01-16T08:11:54.159Z"
            },
            "display_name": "kohsaitoVCN",
            "dns_label": "kohsaitovcn",
            "freeform_tags": {},
            "id": "ocid1.vcn.oc1.iad.amaaaaaakloqqhiakjnk2z5kndfm43tfst6tmx4pl3dtnayvisq5oscm2eua",
            "ipv6cidr_block": null,
            "ipv6public_cidr_block": null,
            "is_ipv6enabled": null,
            "state": "AVAILABLE",
            "time_created": "2021-01-16 08:11:54.162 +0000 UTC",
            "timeouts": null,
            "vcn_domain_name": "kohsaitovcn.oraclevcn.com"
          },
          "sensitive_attributes": [],
          "private": "eyJlMmJmYjczMC1lY2FhLTExZTYtOGY4OC0zNDM2M2JjN2M0YzAiOnsiY3JlYXRlIjoxMjAwMDAwMDAwMDAwLCJkZWxldGUiOjEyMDAwMDAwMDAwMDAsInVwZGF0ZSI6MTIwMDAwMDAwMDAwMH19"
        }
      ]
    }
  ]
}
